
Microsoft Visual Studio Solution File, Format Version 12.00
# Visual Studio Version 17
VisualStudioVersion = 17.10.35013.160
MinimumVisualStudioVersion = 10.0.40219.1
Project("{FAE04EC0-301F-11D3-BF4B-00C04F79EFBC}") = "MilkTeaCashier", "MilkTeaCashier\MilkTeaCashier.csproj", "{9CB261DA-C5F1-43F1-9970-7533AA25B722}"
EndProject
Project("{FAE04EC0-301F-11D3-BF4B-00C04F79EFBC}") = "Repositories", "Repositories\Repositories.csproj", "{675EC9A7-BB72-45B8-A0A1-85A168FFE3D8}"
EndProject
Project("{FAE04EC0-301F-11D3-BF4B-00C04F79EFBC}") = "Services", "Services\Services.csproj", "{377C5A9D-D3A4-4A89-91AB-FAF058D55415}"
EndProject
Global
	GlobalSection(SolutionConfigurationPlatforms) = preSolution
		Debug|Any CPU = Debug|Any CPU
		Release|Any CPU = Release|Any CPU
	EndGlobalSection
	GlobalSection(ProjectConfigurationPlatforms) = postSolution
		{9CB261DA-C5F1-43F1-9970-7533AA25B722}.Debug|Any CPU.ActiveCfg = Debug|Any CPU
		{9CB261DA-C5F1-43F1-9970-7533AA25B722}.Debug|Any CPU.Build.0 = Debug|Any CPU
		{9CB261DA-C5F1-43F1-9970-7533AA25B722}.Release|Any CPU.ActiveCfg = Release|Any CPU
		{9CB261DA-C5F1-43F1-9970-7533AA25B722}.Release|Any CPU.Build.0 = Release|Any CPU
		{675EC9A7-BB72-45B8-A0A1-85A168FFE3D8}.Debug|Any CPU.ActiveCfg = Debug|Any CPU
		{675EC9A7-BB72-45B8-A0A1-85A168FFE3D8}.Debug|Any CPU.Build.0 = Debug|Any CPU
		{675EC9A7-BB72-45B8-A0A1-85A168FFE3D8}.Release|Any CPU.ActiveCfg = Release|Any CPU
		{675EC9A7-BB72-45B8-A0A1-85A168FFE3D8}.Release|Any CPU.Build.0 = Release|Any CPU
		{377C5A9D-D3A4-4A89-91AB-FAF058D55415}.Debug|Any CPU.ActiveCfg = Debug|Any CPU
		{377C5A9D-D3A4-4A89-91AB-FAF058D55415}.Debug|Any CPU.Build.0 = Debug|Any CPU
		{377C5A9D-D3A4-4A89-91AB-FAF058D55415}.Release|Any CPU.ActiveCfg = Release|Any CPU
		{377C5A9D-D3A4-4A89-91AB-FAF058D55415}.Release|Any CPU.Build.0 = Release|Any CPU
	EndGlobalSection
	GlobalSection(SolutionProperties) = preSolution
		HideSolutionNode = FALSE
	EndGlobalSection
	GlobalSection(ExtensibilityGlobals) = postSolution
		SolutionGuid = {D02B1E40-64FC-4165-8F78-4569594FB3A2}
	EndGlobalSection
EndGlobal
